
Microsoft Visual Studio Solution File, Format Version 12.00
# Visual Studio Version 17
VisualStudioVersion = 17.4.33122.133
MinimumVisualStudioVersion = 10.0.40219.1
Project("{FAE04EC0-301F-11D3-BF4B-00C04F79EFBC}") = "Boilerplate.NET7gRPC", "Boilerplate.NET7gRPC\Boilerplate.NET7gRPC.csproj", "{F876AF99-132B-4FB2-A88D-522B4715A5AF}"
EndProject
Global
	GlobalSection(SolutionConfigurationPlatforms) = preSolution
		Debug|Any CPU = Debug|Any CPU
		Release|Any CPU = Release|Any CPU
	EndGlobalSection
	GlobalSection(ProjectConfigurationPlatforms) = postSolution
		{F876AF99-132B-4FB2-A88D-522B4715A5AF}.Debug|Any CPU.ActiveCfg = Debug|Any CPU
		{F876AF99-132B-4FB2-A88D-522B4715A5AF}.Debug|Any CPU.Build.0 = Debug|Any CPU
		{F876AF99-132B-4FB2-A88D-522B4715A5AF}.Release|Any CPU.ActiveCfg = Release|Any CPU
		{F876AF99-132B-4FB2-A88D-522B4715A5AF}.Release|Any CPU.Build.0 = Release|Any CPU
	EndGlobalSection
	GlobalSection(SolutionProperties) = preSolution
		HideSolutionNode = FALSE
	EndGlobalSection
	GlobalSection(ExtensibilityGlobals) = postSolution
		SolutionGuid = {F172D321-6172-486F-B708-51769775F2EC}
	EndGlobalSection
EndGlobal
